# DO NOT EDIT MANUALLY - Managed by Fern Replay
version: "1.0"
generations:
  - commit_sha: 1147d39a1d93b91c8049bd8f885f1d017c40498b
    tree_hash: 904f4c290d934d7ad79ea2e1e118d2dadcca240b
    timestamp: 2026-07-01T18:16:09.711Z
    cli_version: unknown
    generator_versions: {}
current_generation: 1147d39a1d93b91c8049bd8f885f1d017c40498b
patches: []
