# DO NOT EDIT MANUALLY - Managed by Fern Replay
version: "1.0"
generations:
  - commit_sha: bc96c4695643e2ce65ba9bbc8f013ec90faf6884
    tree_hash: 0275948394219614d4d7f64cab0b932e7c2a767a
    timestamp: 2026-09-04T19:33:07.512Z
    cli_version: unknown
    generator_versions: {}
current_generation: bc96c4695643e2ce65ba9bbc8f013ec90faf6884
patches: []
